// !$*UTF8*$!
{
	archiveVersion = 1;
	classes = {
	};
	objectVersion = 46;
	objects = {

/* Begin PBXBuildFile section */
		13531AB589978219E1011F31 /* libPods-JD.a in Frameworks */ = {isa = PBXBuildFile; fileRef = 4B2F79FA7081E1BE62F7FF58 /* libPods-JD.a */; };
		D889B8801D29EDEA00C7602A /* AppDelegate.m in Sources */ = {isa = PBXBuildFile; fileRef = D889B87B1D29EDEA00C7602A /* AppDelegate.m */; };
		D889B8831D29EF2A00C7602A /* XPHomeViewController.m in Sources */ = {isa = PBXBuildFile; fileRef = D889B8821D29EF2A00C7602A /* XPHomeViewController.m */; };
		D889B8861D29EF3700C7602A /* XPCategoryViewController.m in Sources */ = {isa = PBXBuildFile; fileRef = D889B8851D29EF3700C7602A /* XPCategoryViewController.m */; };
		D889B8891D29EF4200C7602A /* XPDiscoverViewController.m in Sources */ = {isa = PBXBuildFile; fileRef = D889B8881D29EF4200C7602A /* XPDiscoverViewController.m */; };
		D889B88C1D29EF6B00C7602A /* XPShoppingCarViewController.m in Sources */ = {isa = PBXBuildFile; fileRef = D889B88B1D29EF6B00C7602A /* XPShoppingCarViewController.m */; };
		D889B88F1D29EF7200C7602A /* XPMineViewController.m in Sources */ = {isa = PBXBuildFile; fileRef = D889B88E1D29EF7200C7602A /* XPMineViewController.m */; };
		D889B89C1D29F03500C7602A /* tabBar_cart_normal@2x.png in Resources */ = {isa = PBXBuildFile; fileRef = D889B8921D29F03500C7602A /* tabBar_cart_normal@2x.png */; };
		D889B89D1D29F03500C7602A /* tabBar_cart_press@2x.png in Resources */ = {isa = PBXBuildFile; fileRef = D889B8931D29F03500C7602A /* tabBar_cart_press@2x.png */; };
		D889B89E1D29F03500C7602A /* tabBar_category_normal@2x.png in Resources */ = {isa = PBXBuildFile; fileRef = D889B8941D29F03500C7602A /* tabBar_category_normal@2x.png */; };
		D889B89F1D29F03500C7602A /* tabBar_category_press@2x.png in Resources */ = {isa = PBXBuildFile; fileRef = D889B8951D29F03500C7602A /* tabBar_category_press@2x.png */; };
		D889B8A01D29F03500C7602A /* tabBar_find_normal@2x.png in Resources */ = {isa = PBXBuildFile; fileRef = D889B8961D29F03500C7602A /* tabBar_find_normal@2x.png */; };
		D889B8A11D29F03500C7602A /* tabBar_find_press@2x.png in Resources */ = {isa = PBXBuildFile; fileRef = D889B8971D29F03500C7602A /* tabBar_find_press@2x.png */; };
		D889B8A21D29F03500C7602A /* tabBar_home_normal@2x.png in Resources */ = {isa = PBXBuildFile; fileRef = D889B8981D29F03500C7602A /* tabBar_home_normal@2x.png */; };
		D889B8A31D29F03500C7602A /* tabBar_home_press@2x.png in Resources */ = {isa = PBXBuildFile; fileRef = D889B8991D29F03500C7602A /* tabBar_home_press@2x.png */; };
		D889B8A41D29F03500C7602A /* tabBar_myJD_normal@2x.png in Resources */ = {isa = PBXBuildFile; fileRef = D889B89A1D29F03500C7602A /* tabBar_myJD_normal@2x.png */; };
		D889B8A51D29F03500C7602A /* tabBar_myJD_press@2x.png in Resources */ = {isa = PBXBuildFile; fileRef = D889B89B1D29F03500C7602A /* tabBar_myJD_press@2x.png */; };
		D889B8A81D29F06A00C7602A /* XPTabBarController.m in Sources */ = {isa = PBXBuildFile; fileRef = D889B8A71D29F06A00C7602A /* XPTabBarController.m */; };
		D889B8AB1D29F51200C7602A /* tabBar_bg@2x.png in Resources */ = {isa = PBXBuildFile; fileRef = D889B8A91D29F51200C7602A /* tabBar_bg@2x.png */; };
		D889B8AC1D29F51200C7602A /* tabBar_bg@3x.png in Resources */ = {isa = PBXBuildFile; fileRef = D889B8AA1D29F51200C7602A /* tabBar_bg@3x.png */; };
		D889B8B21D2A35A800C7602A /* XPTabBar.m in Sources */ = {isa = PBXBuildFile; fileRef = D889B8B11D2A35A800C7602A /* XPTabBar.m */; };
		D889B8B51D2A35D600C7602A /* XPTabBarButton.m in Sources */ = {isa = PBXBuildFile; fileRef = D889B8B41D2A35D600C7602A /* XPTabBarButton.m */; };
		D889B8B81D2A383C00C7602A /* UIView+Frame.m in Sources */ = {isa = PBXBuildFile; fileRef = D889B8B71D2A383C00C7602A /* UIView+Frame.m */; };
		D8D930261D276F9400E4BC9A /* main.m in Sources */ = {isa = PBXBuildFile; fileRef = D8D930251D276F9400E4BC9A /* main.m */; };
		D8D930311D276F9400E4BC9A /* Assets.xcassets in Resources */ = {isa = PBXBuildFile; fileRef = D8D930301D276F9400E4BC9A /* Assets.xcassets */; };
		D8D930341D276F9400E4BC9A /* LaunchScreen.storyboard in Resources */ = {isa = PBXBuildFile; fileRef = D8D930321D276F9400E4BC9A /* LaunchScreen.storyboard */; };
		D8D9303C1D27707800E4BC9A /* Podfile in Resources */ = {isa = PBXBuildFile; fileRef = D8D9303B1D27707800E4BC9A /* Podfile */; };
/* End PBXBuildFile section */

/* Begin PBXFileReference section */
		4B2F79FA7081E1BE62F7FF58 /* libPods-JD.a */ = {isa = PBXFileReference; explicitFileType = archive.ar; includeInIndex = 0; path = "libPods-JD.a"; sourceTree = BUILT_PRODUCTS_DIR; };
		B832A09847428B45D1613647 /* Pods-JD.debug.xcconfig */ = {isa = PBXFileReference; includeInIndex = 1; lastKnownFileType = text.xcconfig; name = "Pods-JD.debug.xcconfig"; path = "Pods/Target Support Files/Pods-JD/Pods-JD.debug.xcconfig"; sourceTree = "<group>"; };
		D889B87A1D29EDEA00C7602A /* AppDelegate.h */ = {isa = PBXFileReference; fileEncoding = 4; lastKnownFileType = sourcecode.c.h; path = AppDelegate.h; sourceTree = "<group>"; };
		D889B87B1D29EDEA00C7602A /* AppDelegate.m */ = {isa = PBXFileReference; fileEncoding = 4; lastKnownFileType = sourcecode.c.objc; path = AppDelegate.m; sourceTree = "<group>"; };
		D889B8811D29EF2A00C7602A /* XPHomeViewController.h */ = {isa = PBXFileReference; fileEncoding = 4; lastKnownFileType = sourcecode.c.h; path = XPHomeViewController.h; sourceTree = "<group>"; };
		D889B8821D29EF2A00C7602A /* XPHomeViewController.m */ = {isa = PBXFileReference; fileEncoding = 4; lastKnownFileType = sourcecode.c.objc; path = XPHomeViewController.m; sourceTree = "<group>"; };
		D889B8841D29EF3700C7602A /* XPCategoryViewController.h */ = {isa = PBXFileReference; fileEncoding = 4; lastKnownFileType = sourcecode.c.h; path = XPCategoryViewController.h; sourceTree = "<group>"; };
		D889B8851D29EF3700C7602A /* XPCategoryViewController.m */ = {isa = PBXFileReference; fileEncoding = 4; lastKnownFileType = sourcecode.c.objc; path = XPCategoryViewController.m; sourceTree = "<group>"; };
		D889B8871D29EF4200C7602A /* XPDiscoverViewController.h */ = {isa = PBXFileReference; fileEncoding = 4; lastKnownFileType = sourcecode.c.h; path = XPDiscoverViewController.h; sourceTree = "<group>"; };
		D889B8881D29EF4200C7602A /* XPDiscoverViewController.m */ = {isa = PBXFileReference; fileEncoding = 4; lastKnownFileType = sourcecode.c.objc; path = XPDiscoverViewController.m; sourceTree = "<group>"; };
		D889B88A1D29EF6B00C7602A /* XPShoppingCarViewController.h */ = {isa = PBXFileReference; fileEncoding = 4; lastKnownFileType = sourcecode.c.h; path = XPShoppingCarViewController.h; sourceTree = "<group>"; };
		D889B88B1D29EF6B00C7602A /* XPShoppingCarViewController.m */ = {isa = PBXFileReference; fileEncoding = 4; lastKnownFileType = sourcecode.c.objc; path = XPShoppingCarViewController.m; sourceTree = "<group>"; };
		D889B88D1D29EF7200C7602A /* XPMineViewController.h */ = {isa = PBXFileReference; fileEncoding = 4; lastKnownFileType = sourcecode.c.h; path = XPMineViewController.h; sourceTree = "<group>"; };
		D889B88E1D29EF7200C7602A /* XPMineViewController.m */ = {isa = PBXFileReference; fileEncoding = 4; lastKnownFileType = sourcecode.c.objc; path = XPMineViewController.m; sourceTree = "<group>"; };
		D889B8921D29F03500C7602A /* tabBar_cart_normal@2x.png */ = {isa = PBXFileReference; lastKnownFileType = image.png; path = "tabBar_cart_normal@2x.png"; sourceTree = "<group>"; };
		D889B8931D29F03500C7602A /* tabBar_cart_press@2x.png */ = {isa = PBXFileReference; lastKnownFileType = image.png; path = "tabBar_cart_press@2x.png"; sourceTree = "<group>"; };
		D889B8941D29F03500C7602A /* tabBar_category_normal@2x.png */ = {isa = PBXFileReference; lastKnownFileType = image.png; path = "tabBar_category_normal@2x.png"; sourceTree = "<group>"; };
		D889B8951D29F03500C7602A /* tabBar_category_press@2x.png */ = {isa = PBXFileReference; lastKnownFileType = image.png; path = "tabBar_category_press@2x.png"; sourceTree = "<group>"; };
		D889B8961D29F03500C7602A /* tabBar_find_normal@2x.png */ = {isa = PBXFileReference; lastKnownFileType = image.png; path = "tabBar_find_normal@2x.png"; sourceTree = "<group>"; };
		D889B8971D29F03500C7602A /* tabBar_find_press@2x.png */ = {isa = PBXFileReference; lastKnownFileType = image.png; path = "tabBar_find_press@2x.png"; sourceTree = "<group>"; };
		D889B8981D29F03500C7602A /* tabBar_home_normal@2x.png */ = {isa = PBXFileReference; lastKnownFileType = image.png; path = "tabBar_home_normal@2x.png"; sourceTree = "<group>"; };
		D889B8991D29F03500C7602A /* tabBar_home_press@2x.png */ = {isa = PBXFileReference; lastKnownFileType = image.png; path = "tabBar_home_press@2x.png"; sourceTree = "<group>"; };
		D889B89A1D29F03500C7602A /* tabBar_myJD_normal@2x.png */ = {isa = PBXFileReference; lastKnownFileType = image.png; path = "tabBar_myJD_normal@2x.png"; sourceTree = "<group>"; };
		D889B89B1D29F03500C7602A /* tabBar_myJD_press@2x.png */ = {isa = PBXFileReference; lastKnownFileType = image.png; path = "tabBar_myJD_press@2x.png"; sourceTree = "<group>"; };
		D889B8A61D29F06A00C7602A /* XPTabBarController.h */ = {isa = PBXFileReference; fileEncoding = 4; lastKnownFileType = sourcecode.c.h; path = XPTabBarController.h; sourceTree = "<group>"; };
		D889B8A71D29F06A00C7602A /* XPTabBarController.m */ = {isa = PBXFileReference; fileEncoding = 4; lastKnownFileType = sourcecode.c.objc; path = XPTabBarController.m; sourceTree = "<group>"; };
		D889B8A91D29F51200C7602A /* tabBar_bg@2x.png */ = {isa = PBXFileReference; lastKnownFileType = image.png; path = "tabBar_bg@2x.png"; sourceTree = "<group>"; };
		D889B8AA1D29F51200C7602A /* tabBar_bg@3x.png */ = {isa = PBXFileReference; lastKnownFileType = image.png; path = "tabBar_bg@3x.png"; sourceTree = "<group>"; };
		D889B8B01D2A35A800C7602A /* XPTabBar.h */ = {isa = PBXFileReference; fileEncoding = 4; lastKnownFileType = sourcecode.c.h; path = XPTabBar.h; sourceTree = "<group>"; };
		D889B8B11D2A35A800C7602A /* XPTabBar.m */ = {isa = PBXFileReference; fileEncoding = 4; lastKnownFileType = sourcecode.c.objc; path = XPTabBar.m; sourceTree = "<group>"; };
		D889B8B31D2A35D600C7602A /* XPTabBarButton.h */ = {isa = PBXFileReference; fileEncoding = 4; lastKnownFileType = sourcecode.c.h; path = XPTabBarButton.h; sourceTree = "<group>"; };
		D889B8B41D2A35D600C7602A /* XPTabBarButton.m */ = {isa = PBXFileReference; fileEncoding = 4; lastKnownFileType = sourcecode.c.objc; path = XPTabBarButton.m; sourceTree = "<group>"; };
		D889B8B61D2A383C00C7602A /* UIView+Frame.h */ = {isa = PBXFileReference; fileEncoding = 4; lastKnownFileType = sourcecode.c.h; path = "UIView+Frame.h"; sourceTree = "<group>"; };
		D889B8B71D2A383C00C7602A /* UIView+Frame.m */ = {isa = PBXFileReference; fileEncoding = 4; lastKnownFileType = sourcecode.c.objc; path = "UIView+Frame.m"; sourceTree = "<group>"; };
		D8D930211D276F9400E4BC9A /* JD.app */ = {isa = PBXFileReference; explicitFileType = wrapper.application; includeInIndex = 0; path = JD.app; sourceTree = BUILT_PRODUCTS_DIR; };
		D8D930251D276F9400E4BC9A /* main.m */ = {isa = PBXFileReference; lastKnownFileType = sourcecode.c.objc; path = main.m; sourceTree = "<group>"; };
		D8D930301D276F9400E4BC9A /* Assets.xcassets */ = {isa = PBXFileReference; lastKnownFileType = folder.assetcatalog; path = Assets.xcassets; sourceTree = "<group>"; };
		D8D930331D276F9400E4BC9A /* Base */ = {isa = PBXFileReference; lastKnownFileType = file.storyboard; name = Base; path = Base.lproj/LaunchScreen.storyboard; sourceTree = "<group>"; };
		D8D930351D276F9400E4BC9A /* Info.plist */ = {isa = PBXFileReference; lastKnownFileType = text.plist.xml; path = Info.plist; sourceTree = "<group>"; };
		D8D9303B1D27707800E4BC9A /* Podfile */ = {isa = PBXFileReference; fileEncoding = 4; lastKnownFileType = text; path = Podfile; sourceTree = "<group>"; xcLanguageSpecificationIdentifier = xcode.lang.ruby; };
		E190ECC45A86F9B13081FA81 /* Pods-JD.release.xcconfig */ = {isa = PBXFileReference; includeInIndex = 1; lastKnownFileType = text.xcconfig; name = "Pods-JD.release.xcconfig"; path = "Pods/Target Support Files/Pods-JD/Pods-JD.release.xcconfig"; sourceTree = "<group>"; };
/* End PBXFileReference section */

/* Begin PBXFrameworksBuildPhase section */
		D8D9301E1D276F9400E4BC9A /* Frameworks */ = {
			isa = PBXFrameworksBuildPhase;
			buildActionMask = 2147483647;
			files = (
				13531AB589978219E1011F31 /* libPods-JD.a in Frameworks */,
			);
			runOnlyForDeploymentPostprocessing = 0;
		};
/* End PBXFrameworksBuildPhase section */

/* Begin PBXGroup section */
		0B6F55A9B3AB84CFD47C2DE1 /* Frameworks */ = {
			isa = PBXGroup;
			children = (
				4B2F79FA7081E1BE62F7FF58 /* libPods-JD.a */,
			);
			name = Frameworks;
			sourceTree = "<group>";
		};
		D6BE2277D28F3A7FE6266B4B /* Pods */ = {
			isa = PBXGroup;
			children = (
				B832A09847428B45D1613647 /* Pods-JD.debug.xcconfig */,
				E190ECC45A86F9B13081FA81 /* Pods-JD.release.xcconfig */,
			);
			name = Pods;
			sourceTree = "<group>";
		};
		D889B8641D29EDEA00C7602A /* Classes */ = {
			isa = PBXGroup;
			children = (
				D889B8711D29EDEA00C7602A /* Main */,
				D889B86D1D29EDEA00C7602A /* Home(首页) */,
				D889B8651D29EDEA00C7602A /* Category(分类) */,
				D889B8691D29EDEA00C7602A /* Discover(发现) */,
				D889B87C1D29EDEA00C7602A /* ShoppingCar(购物车) */,
				D889B8751D29EDEA00C7602A /* Mine(我的) */,
				D889B8791D29EDEA00C7602A /* Other */,
			);
			path = Classes;
			sourceTree = "<group>";
		};
		D889B8651D29EDEA00C7602A /* Category(分类) */ = {
			isa = PBXGroup;
			children = (
				D889B8661D29EDEA00C7602A /* Controller */,
				D889B8671D29EDEA00C7602A /* Model */,
				D889B8681D29EDEA00C7602A /* View */,
			);
			path = "Category(分类)";
			sourceTree = "<group>";
		};
		D889B8661D29EDEA00C7602A /* Controller */ = {
			isa = PBXGroup;
			children = (
				D889B8841D29EF3700C7602A /* XPCategoryViewController.h */,
				D889B8851D29EF3700C7602A /* XPCategoryViewController.m */,
			);
			path = Controller;
			sourceTree = "<group>";
		};
		D889B8671D29EDEA00C7602A /* Model */ = {
			isa = PBXGroup;
			children = (
			);
			path = Model;
			sourceTree = "<group>";
		};
		D889B8681D29EDEA00C7602A /* View */ = {
			isa = PBXGroup;
			children = (
			);
			path = View;
			sourceTree = "<group>";
		};
		D889B8691D29EDEA00C7602A /* Discover(发现) */ = {
			isa = PBXGroup;
			children = (
				D889B86A1D29EDEA00C7602A /* Controller */,
				D889B86B1D29EDEA00C7602A /* Model */,
				D889B86C1D29EDEA00C7602A /* View */,
			);
			path = "Discover(发现)";
			sourceTree = "<group>";
		};
		D889B86A1D29EDEA00C7602A /* Controller */ = {
			isa = PBXGroup;
			children = (
				D889B8871D29EF4200C7602A /* XPDiscoverViewController.h */,
				D889B8881D29EF4200C7602A /* XPDiscoverViewController.m */,
			);
			path = Controller;
			sourceTree = "<group>";
		};
		D889B86B1D29EDEA00C7602A /* Model */ = {
			isa = PBXGroup;
			children = (
			);
			path = Model;
			sourceTree = "<group>";
		};
		D889B86C1D29EDEA00C7602A /* View */ = {
			isa = PBXGroup;
			children = (
			);
			path = View;
			sourceTree = "<group>";
		};
		D889B86D1D29EDEA00C7602A /* Home(首页) */ = {
			isa = PBXGroup;
			children = (
				D889B86E1D29EDEA00C7602A /* Controller */,
				D889B86F1D29EDEA00C7602A /* Model */,
				D889B8701D29EDEA00C7602A /* View */,
			);
			path = "Home(首页)";
			sourceTree = "<group>";
		};
		D889B86E1D29EDEA00C7602A /* Controller */ = {
			isa = PBXGroup;
			children = (
				D889B8811D29EF2A00C7602A /* XPHomeViewController.h */,
				D889B8821D29EF2A00C7602A /* XPHomeViewController.m */,
			);
			path = Controller;
			sourceTree = "<group>";
		};
		D889B86F1D29EDEA00C7602A /* Model */ = {
			isa = PBXGroup;
			children = (
			);
			path = Model;
			sourceTree = "<group>";
		};
		D889B8701D29EDEA00C7602A /* View */ = {
			isa = PBXGroup;
			children = (
			);
			path = View;
			sourceTree = "<group>";
		};
		D889B8711D29EDEA00C7602A /* Main */ = {
			isa = PBXGroup;
			children = (
				D889B8721D29EDEA00C7602A /* Controller */,
				D889B8731D29EDEA00C7602A /* Model */,
				D889B8741D29EDEA00C7602A /* View */,
			);
			path = Main;
			sourceTree = "<group>";
		};
		D889B8721D29EDEA00C7602A /* Controller */ = {
			isa = PBXGroup;
			children = (
				D889B8A61D29F06A00C7602A /* XPTabBarController.h */,
				D889B8A71D29F06A00C7602A /* XPTabBarController.m */,
			);
			path = Controller;
			sourceTree = "<group>";
		};
		D889B8731D29EDEA00C7602A /* Model */ = {
			isa = PBXGroup;
			children = (
			);
			path = Model;
			sourceTree = "<group>";
		};
		D889B8741D29EDEA00C7602A /* View */ = {
			isa = PBXGroup;
			children = (
				D889B8B01D2A35A800C7602A /* XPTabBar.h */,
				D889B8B11D2A35A800C7602A /* XPTabBar.m */,
				D889B8B31D2A35D600C7602A /* XPTabBarButton.h */,
				D889B8B41D2A35D600C7602A /* XPTabBarButton.m */,
			);
			path = View;
			sourceTree = "<group>";
		};
		D889B8751D29EDEA00C7602A /* Mine(我的) */ = {
			isa = PBXGroup;
			children = (
				D889B8761D29EDEA00C7602A /* Controller */,
				D889B8771D29EDEA00C7602A /* Model */,
				D889B8781D29EDEA00C7602A /* View */,
			);
			path = "Mine(我的)";
			sourceTree = "<group>";
		};
		D889B8761D29EDEA00C7602A /* Controller */ = {
			isa = PBXGroup;
			children = (
				D889B88D1D29EF7200C7602A /* XPMineViewController.h */,
				D889B88E1D29EF7200C7602A /* XPMineViewController.m */,
			);
			path = Controller;
			sourceTree = "<group>";
		};
		D889B8771D29EDEA00C7602A /* Model */ = {
			isa = PBXGroup;
			children = (
			);
			path = Model;
			sourceTree = "<group>";
		};
		D889B8781D29EDEA00C7602A /* View */ = {
			isa = PBXGroup;
			children = (
			);
			path = View;
			sourceTree = "<group>";
		};
		D889B8791D29EDEA00C7602A /* Other */ = {
			isa = PBXGroup;
			children = (
				D889B87A1D29EDEA00C7602A /* AppDelegate.h */,
				D889B87B1D29EDEA00C7602A /* AppDelegate.m */,
				D889B8B61D2A383C00C7602A /* UIView+Frame.h */,
				D889B8B71D2A383C00C7602A /* UIView+Frame.m */,
			);
			path = Other;
			sourceTree = "<group>";
		};
		D889B87C1D29EDEA00C7602A /* ShoppingCar(购物车) */ = {
			isa = PBXGroup;
			children = (
				D889B87D1D29EDEA00C7602A /* Controller */,
				D889B87E1D29EDEA00C7602A /* Model */,
				D889B87F1D29EDEA00C7602A /* View */,
			);
			path = "ShoppingCar(购物车)";
			sourceTree = "<group>";
		};
		D889B87D1D29EDEA00C7602A /* Controller */ = {
			isa = PBXGroup;
			children = (
				D889B88A1D29EF6B00C7602A /* XPShoppingCarViewController.h */,
				D889B88B1D29EF6B00C7602A /* XPShoppingCarViewController.m */,
			);
			path = Controller;
			sourceTree = "<group>";
		};
		D889B87E1D29EDEA00C7602A /* Model */ = {
			isa = PBXGroup;
			children = (
			);
			path = Model;
			sourceTree = "<group>";
		};
		D889B87F1D29EDEA00C7602A /* View */ = {
			isa = PBXGroup;
			children = (
			);
			path = View;
			sourceTree = "<group>";
		};
		D889B8901D29EF9300C7602A /* images */ = {
			isa = PBXGroup;
			children = (
				D889B8911D29F03500C7602A /* tabBar */,
			);
			path = images;
			sourceTree = "<group>";
		};
		D889B8911D29F03500C7602A /* tabBar */ = {
			isa = PBXGroup;
			children = (
				D889B8A91D29F51200C7602A /* tabBar_bg@2x.png */,
				D889B8AA1D29F51200C7602A /* tabBar_bg@3x.png */,
				D889B8921D29F03500C7602A /* tabBar_cart_normal@2x.png */,
				D889B8931D29F03500C7602A /* tabBar_cart_press@2x.png */,
				D889B8941D29F03500C7602A /* tabBar_category_normal@2x.png */,
				D889B8951D29F03500C7602A /* tabBar_category_press@2x.png */,
				D889B8961D29F03500C7602A /* tabBar_find_normal@2x.png */,
				D889B8971D29F03500C7602A /* tabBar_find_press@2x.png */,
				D889B8981D29F03500C7602A /* tabBar_home_normal@2x.png */,
				D889B8991D29F03500C7602A /* tabBar_home_press@2x.png */,
				D889B89A1D29F03500C7602A /* tabBar_myJD_normal@2x.png */,
				D889B89B1D29F03500C7602A /* tabBar_myJD_press@2x.png */,
			);
			path = tabBar;
			sourceTree = "<group>";
		};
		D8D930181D276F9400E4BC9A = {
			isa = PBXGroup;
			children = (
				D8D9303B1D27707800E4BC9A /* Podfile */,
				D8D930231D276F9400E4BC9A /* JD */,
				D8D930221D276F9400E4BC9A /* Products */,
				D6BE2277D28F3A7FE6266B4B /* Pods */,
				0B6F55A9B3AB84CFD47C2DE1 /* Frameworks */,
			);
			sourceTree = "<group>";
		};
		D8D930221D276F9400E4BC9A /* Products */ = {
			isa = PBXGroup;
			children = (
				D8D930211D276F9400E4BC9A /* JD.app */,
			);
			name = Products;
			sourceTree = "<group>";
		};
		D8D930231D276F9400E4BC9A /* JD */ = {
			isa = PBXGroup;
			children = (
				D889B8641D29EDEA00C7602A /* Classes */,
				D8D930241D276F9400E4BC9A /* Supporting Files */,
			);
			path = JD;
			sourceTree = "<group>";
		};
		D8D930241D276F9400E4BC9A /* Supporting Files */ = {
			isa = PBXGroup;
			children = (
				D889B8901D29EF9300C7602A /* images */,
				D8D930301D276F9400E4BC9A /* Assets.xcassets */,
				D8D930321D276F9400E4BC9A /* LaunchScreen.storyboard */,
				D8D930351D276F9400E4BC9A /* Info.plist */,
				D8D930251D276F9400E4BC9A /* main.m */,
			);
			name = "Supporting Files";
			sourceTree = "<group>";
		};
/* End PBXGroup section */

/* Begin PBXNativeTarget section */
		D8D930201D276F9400E4BC9A /* JD */ = {
			isa = PBXNativeTarget;
			buildConfigurationList = D8D930381D276F9400E4BC9A /* Build configuration list for PBXNativeTarget "JD" */;
			buildPhases = (
				BE352A24BEE34C0E3AD16C31 /* [CP] Check Pods Manifest.lock */,
				D8D9301D1D276F9400E4BC9A /* Sources */,
				D8D9301E1D276F9400E4BC9A /* Frameworks */,
				D8D9301F1D276F9400E4BC9A /* Resources */,
				FD992B55EACD508089EDFA37 /* [CP] Embed Pods Frameworks */,
				21070759548D4A8B8F737DC1 /* [CP] Copy Pods Resources */,
			);
			buildRules = (
			);
			dependencies = (
			);
			name = JD;
			productName = JD;
			productReference = D8D930211D276F9400E4BC9A /* JD.app */;
			productType = "com.apple.product-type.application";
		};
/* End PBXNativeTarget section */

/* Begin PBXProject section */
		D8D930191D276F9400E4BC9A /* Project object */ = {
			isa = PBXProject;
			attributes = {
				CLASSPREFIX = XP;
				LastUpgradeCheck = 0710;
				ORGANIZATIONNAME = win;
				TargetAttributes = {
					D8D930201D276F9400E4BC9A = {
						CreatedOnToolsVersion = 7.1;
					};
				};
			};
			buildConfigurationList = D8D9301C1D276F9400E4BC9A /* Build configuration list for PBXProject "JD" */;
			compatibilityVersion = "Xcode 3.2";
			developmentRegion = English;
			hasScannedForEncodings = 0;
			knownRegions = (
				en,
				Base,
			);
			mainGroup = D8D930181D276F9400E4BC9A;
			productRefGroup = D8D930221D276F9400E4BC9A /* Products */;
			projectDirPath = "";
			projectRoot = "";
			targets = (
				D8D930201D276F9400E4BC9A /* JD */,
			);
		};
/* End PBXProject section */

/* Begin PBXResourcesBuildPhase section */
		D8D9301F1D276F9400E4BC9A /* Resources */ = {
			isa = PBXResourcesBuildPhase;
			buildActionMask = 2147483647;
			files = (
				D8D9303C1D27707800E4BC9A /* Podfile in Resources */,
				D889B8A31D29F03500C7602A /* tabBar_home_press@2x.png in Resources */,
				D8D930341D276F9400E4BC9A /* LaunchScreen.storyboard in Resources */,
				D889B8A21D29F03500C7602A /* tabBar_home_normal@2x.png in Resources */,
				D889B8A01D29F03500C7602A /* tabBar_find_normal@2x.png in Resources */,
				D889B8AB1D29F51200C7602A /* tabBar_bg@2x.png in Resources */,
				D889B8A41D29F03500C7602A /* tabBar_myJD_normal@2x.png in Resources */,
				D8D930311D276F9400E4BC9A /* Assets.xcassets in Resources */,
				D889B89D1D29F03500C7602A /* tabBar_cart_press@2x.png in Resources */,
				D889B8AC1D29F51200C7602A /* tabBar_bg@3x.png in Resources */,
				D889B89C1D29F03500C7602A /* tabBar_cart_normal@2x.png in Resources */,
				D889B8A11D29F03500C7602A /* tabBar_find_press@2x.png in Resources */,
				D889B89F1D29F03500C7602A /* tabBar_category_press@2x.png in Resources */,
				D889B8A51D29F03500C7602A /* tabBar_myJD_press@2x.png in Resources */,
				D889B89E1D29F03500C7602A /* tabBar_category_normal@2x.png in Resources */,
			);
			runOnlyForDeploymentPostprocessing = 0;
		};
/* End PBXResourcesBuildPhase section */

/* Begin PBXShellScriptBuildPhase section */
		21070759548D4A8B8F737DC1 /* [CP] Copy Pods Resources */ = {
			isa = PBXShellScriptBuildPhase;
			buildActionMask = 2147483647;
			files = (
			);
			inputPaths = (
			);
			name = "[CP] Copy Pods Resources";
			outputPaths = (
			);
			runOnlyForDeploymentPostprocessing = 0;
			shellPath = /bin/sh;
			shellScript = "\"${SRCROOT}/Pods/Target Support Files/Pods-JD/Pods-JD-resources.sh\"\n";
			showEnvVarsInLog = 0;
		};
		BE352A24BEE34C0E3AD16C31 /* [CP] Check Pods Manifest.lock */ = {
			isa = PBXShellScriptBuildPhase;
			buildActionMask = 2147483647;
			files = (
			);
			inputPaths = (
			);
			name = "[CP] Check Pods Manifest.lock";
			outputPaths = (
			);
			runOnlyForDeploymentPostprocessing = 0;
			shellPath = /bin/sh;
			shellScript = "diff \"${PODS_ROOT}/../Podfile.lock\" \"${PODS_ROOT}/Manifest.lock\" > /dev/null\nif [[ $? != 0 ]] ; then\n    cat << EOM\nerror: The sandbox is not in sync with the Podfile.lock. Run 'pod install' or update your CocoaPods installation.\nEOM\n    exit 1\nfi\n";
			showEnvVarsInLog = 0;
		};
		FD992B55EACD508089EDFA37 /* [CP] Embed Pods Frameworks */ = {
			isa = PBXShellScriptBuildPhase;
			buildActionMask = 2147483647;
			files = (
			);
			inputPaths = (
			);
			name = "[CP] Embed Pods Frameworks";
			outputPaths = (
			);
			runOnlyForDeploymentPostprocessing = 0;
			shellPath = /bin/sh;
			shellScript = "\"${SRCROOT}/Pods/Target Support Files/Pods-JD/Pods-JD-frameworks.sh\"\n";
			showEnvVarsInLog = 0;
		};
/* End PBXShellScriptBuildPhase section */

/* Begin PBXSourcesBuildPhase section */
		D8D9301D1D276F9400E4BC9A /* Sources */ = {
			isa = PBXSourcesBuildPhase;
			buildActionMask = 2147483647;
			files = (
				D889B8891D29EF4200C7602A /* XPDiscoverViewController.m in Sources */,
				D889B8801D29EDEA00C7602A /* AppDelegate.m in Sources */,
				D889B8B21D2A35A800C7602A /* XPTabBar.m in Sources */,
				D889B8831D29EF2A00C7602A /* XPHomeViewController.m in Sources */,
				D889B88C1D29EF6B00C7602A /* XPShoppingCarViewController.m in Sources */,
				D889B8861D29EF3700C7602A /* XPCategoryViewController.m in Sources */,
				D8D930261D276F9400E4BC9A /* main.m in Sources */,
				D889B8B51D2A35D600C7602A /* XPTabBarButton.m in Sources */,
				D889B88F1D29EF7200C7602A /* XPMineViewController.m in Sources */,
				D889B8A81D29F06A00C7602A /* XPTabBarController.m in Sources */,
				D889B8B81D2A383C00C7602A /* UIView+Frame.m in Sources */,
			);
			runOnlyForDeploymentPostprocessing = 0;
		};
/* End PBXSourcesBuildPhase section */

/* Begin PBXVariantGroup section */
		D8D930321D276F9400E4BC9A /* LaunchScreen.storyboard */ = {
			isa = PBXVariantGroup;
			children = (
				D8D930331D276F9400E4BC9A /* Base */,
			);
			name = LaunchScreen.storyboard;
			sourceTree = "<group>";
		};
/* End PBXVariantGroup section */

/* Begin XCBuildConfiguration section */
		D8D930361D276F9400E4BC9A /* Debug */ = {
			isa = XCBuildConfiguration;
			buildSettings = {
				ALWAYS_SEARCH_USER_PATHS = NO;
				CLANG_CXX_LANGUAGE_STANDARD = "gnu++0x";
				CLANG_CXX_LIBRARY = "libc++";
				CLANG_ENABLE_MODULES = YES;
				CLANG_ENABLE_OBJC_ARC = YES;
				CLANG_WARN_BOOL_CONVERSION = YES;
				CLANG_WARN_CONSTANT_CONVERSION = YES;
				CLANG_WARN_DIRECT_OBJC_ISA_USAGE = YES_ERROR;
				CLANG_WARN_EMPTY_BODY = YES;
				CLANG_WARN_ENUM_CONVERSION = YES;
				CLANG_WARN_INT_CONVERSION = YES;
				CLANG_WARN_OBJC_ROOT_CLASS = YES_ERROR;
				CLANG_WARN_UNREACHABLE_CODE = YES;
				CLANG_WARN__DUPLICATE_METHOD_MATCH = YES;
				"CODE_SIGN_IDENTITY[sdk=iphoneos*]" = "iPhone Developer";
				COPY_PHASE_STRIP = NO;
				DEBUG_INFORMATION_FORMAT = dwarf;
				ENABLE_STRICT_OBJC_MSGSEND = YES;
				ENABLE_TESTABILITY = YES;
				GCC_C_LANGUAGE_STANDARD = gnu99;
				GCC_DYNAMIC_NO_PIC = NO;
				GCC_NO_COMMON_BLOCKS = YES;
				GCC_OPTIMIZATION_LEVEL = 0;
				GCC_PREPROCESSOR_DEFINITIONS = (
					"DEBUG=1",
					"$(inherited)",
				);
				GCC_WARN_64_TO_32_BIT_CONVERSION = YES;
				GCC_WARN_ABOUT_RETURN_TYPE = YES_ERROR;
				GCC_WARN_UNDECLARED_SELECTOR = YES;
				GCC_WARN_UNINITIALIZED_AUTOS = YES_AGGRESSIVE;
				GCC_WARN_UNUSED_FUNCTION = YES;
				GCC_WARN_UNUSED_VARIABLE = YES;
				IPHONEOS_DEPLOYMENT_TARGET = 9.1;
				MTL_ENABLE_DEBUG_INFO = YES;
				ONLY_ACTIVE_ARCH = YES;
				SDKROOT = iphoneos;
				TARGETED_DEVICE_FAMILY = "1,2";
			};
			name = Debug;
		};
		D8D930371D276F9400E4BC9A /* Release */ = {
			isa = XCBuildConfiguration;
			buildSettings = {
				ALWAYS_SEARCH_USER_PATHS = NO;
				CLANG_CXX_LANGUAGE_STANDARD = "gnu++0x";
				CLANG_CXX_LIBRARY = "libc++";
				CLANG_ENABLE_MODULES = YES;
				CLANG_ENABLE_OBJC_ARC = YES;
				CLANG_WARN_BOOL_CONVERSION = YES;
				CLANG_WARN_CONSTANT_CONVERSION = YES;
				CLANG_WARN_DIRECT_OBJC_ISA_USAGE = YES_ERROR;
				CLANG_WARN_EMPTY_BODY = YES;
				CLANG_WARN_ENUM_CONVERSION = YES;
				CLANG_WARN_INT_CONVERSION = YES;
				CLANG_WARN_OBJC_ROOT_CLASS = YES_ERROR;
				CLANG_WARN_UNREACHABLE_CODE = YES;
				CLANG_WARN__DUPLICATE_METHOD_MATCH = YES;
				"CODE_SIGN_IDENTITY[sdk=iphoneos*]" = "iPhone Developer";
				COPY_PHASE_STRIP = NO;
				DEBUG_INFORMATION_FORMAT = "dwarf-with-dsym";
				ENABLE_NS_ASSERTIONS = NO;
				ENABLE_STRICT_OBJC_MSGSEND = YES;
				GCC_C_LANGUAGE_STANDARD = gnu99;
				GCC_NO_COMMON_BLOCKS = YES;
				GCC_WARN_64_TO_32_BIT_CONVERSION = YES;
				GCC_WARN_ABOUT_RETURN_TYPE = YES_ERROR;
				GCC_WARN_UNDECLARED_SELECTOR = YES;
				GCC_WARN_UNINITIALIZED_AUTOS = YES_AGGRESSIVE;
				GCC_WARN_UNUSED_FUNCTION = YES;
				GCC_WARN_UNUSED_VARIABLE = YES;
				IPHONEOS_DEPLOYMENT_TARGET = 9.1;
				MTL_ENABLE_DEBUG_INFO = NO;
				SDKROOT = iphoneos;
				TARGETED_DEVICE_FAMILY = "1,2";
				VALIDATE_PRODUCT = YES;
			};
			name = Release;
		};
		D8D930391D276F9400E4BC9A /* Debug */ = {
			isa = XCBuildConfiguration;
			baseConfigurationReference = B832A09847428B45D1613647 /* Pods-JD.debug.xcconfig */;
			buildSettings = {
				ASSETCATALOG_COMPILER_APPICON_NAME = AppIcon;
				INFOPLIST_FILE = JD/Info.plist;
				LD_RUNPATH_SEARCH_PATHS = "$(inherited) @executable_path/Frameworks";
				PRODUCT_BUNDLE_IDENTIFIER = win.com.cn.JD;
				PRODUCT_NAME = "$(TARGET_NAME)";
			};
			name = Debug;
		};
		D8D9303A1D276F9400E4BC9A /* Release */ = {
			isa = XCBuildConfiguration;
			baseConfigurationReference = E190ECC45A86F9B13081FA81 /* Pods-JD.release.xcconfig */;
			buildSettings = {
				ASSETCATALOG_COMPILER_APPICON_NAME = AppIcon;
				INFOPLIST_FILE = JD/Info.plist;
				LD_RUNPATH_SEARCH_PATHS = "$(inherited) @executable_path/Frameworks";
				PRODUCT_BUNDLE_IDENTIFIER = win.com.cn.JD;
				PRODUCT_NAME = "$(TARGET_NAME)";
			};
			name = Release;
		};
/* End XCBuildConfiguration section */

/* Begin XCConfigurationList section */
		D8D9301C1D276F9400E4BC9A /* Build configuration list for PBXProject "JD" */ = {
			isa = XCConfigurationList;
			buildConfigurations = (
				D8D930361D276F9400E4BC9A /* Debug */,
				D8D930371D276F9400E4BC9A /* Release */,
			);
			defaultConfigurationIsVisible = 0;
			defaultConfigurationName = Release;
		};
		D8D930381D276F9400E4BC9A /* Build configuration list for PBXNativeTarget "JD" */ = {
			isa = XCConfigurationList;
			buildConfigurations = (
				D8D930391D276F9400E4BC9A /* Debug */,
				D8D9303A1D276F9400E4BC9A /* Release */,
			);
			defaultConfigurationIsVisible = 0;
			defaultConfigurationName = Release;
		};
/* End XCConfigurationList section */
	};
	rootObject = D8D930191D276F9400E4BC9A /* Project object */;
}
